// !$*UTF8*$!
{
	archiveVersion = 1;
	classes = {
	};
	objectVersion = 56;
	objects = {

/* Begin PBXBuildFile section */
		524ADCD62EAD2A3800DE2382 /* SceneDelegate.swift in Sources */ = {isa = PBXBuildFile; fileRef = 524ADCD52EAD2A3800DE2382 /* SceneDelegate.swift */; };
		524ADCDA2EAD2A3800DE2382 /* PrimaryButton.swift in Sources */ = {isa = PBXBuildFile; fileRef = 524ADCC42EAD2A3800DE2382 /* PrimaryButton.swift */; };
		524ADCDD2EAD2A3800DE2382 /* AppDelegate.swift in Sources */ = {isa = PBXBuildFile; fileRef = 524ADCC22EAD2A3800DE2382 /* AppDelegate.swift */; };
		524ADCE02EAD2A3800DE2382 /* MailComposeView.swift in Sources */ = {isa = PBXBuildFile; fileRef = 524ADCC32EAD2A3800DE2382 /* MailComposeView.swift */; };
		524ADCE22EAD2A3800DE2382 /* HomeView.swift in Sources */ = {isa = PBXBuildFile; fileRef = 524ADCC62EAD2A3800DE2382 /* HomeView.swift */; };
		524ADCE32EAD2A3800DE2382 /* WelcomeView.swift in Sources */ = {isa = PBXBuildFile; fileRef = 524ADCD32EAD2A3800DE2382 /* WelcomeView.swift */; };
		524ADCE42EAD2A3800DE2382 /* AppState.swift in Sources */ = {isa = PBXBuildFile; fileRef = 524ADCCC2EAD2A3800DE2382 /* AppState.swift */; };
		524ADCEE2EB3FC8000DE2382 /* SnippetsContentView.swift in Sources */ = {isa = PBXBuildFile; fileRef = 524ADCEC2EB3FC8000DE2382 /* SnippetsContentView.swift */; };
		524ADCEF2EB3FC8000DE2382 /* SnippetsStore.swift in Sources */ = {isa = PBXBuildFile; fileRef = 524ADCED2EB3FC8000DE2382 /* SnippetsStore.swift */; };
		524ADCF22EB5255000DE2382 /* SnippetsStore.swift in Sources */ = {isa = PBXBuildFile; fileRef = 524ADCF12EB5255000DE2382 /* SnippetsStore.swift */; };
		524ADCF32EB5255000DE2382 /* SnippetsManagementView.swift in Sources */ = {isa = PBXBuildFile; fileRef = 524ADCF02EB5255000DE2382 /* SnippetsManagementView.swift */; };
		524ADCF72EB556DB00DE2382 /* KeychainHelper.swift in Sources */ = {isa = PBXBuildFile; fileRef = 524ADCF62EB556DB00DE2382 /* KeychainHelper.swift */; };
		52E5DE7A2EA94A510021BC48 /* Shimmer in Frameworks */ = {isa = PBXBuildFile; productRef = 52E5DE792EA94A510021BC48 /* Shimmer */; };
		52E5DE7C2EA94A5D0021BC48 /* Shimmer in Frameworks */ = {isa = PBXBuildFile; productRef = 52E5DE7B2EA94A5D0021BC48 /* Shimmer */; };
		52E5DE7F2EA969970021BC48 /* AnimateText in Frameworks */ = {isa = PBXBuildFile; productRef = 52E5DE7E2EA969970021BC48 /* AnimateText */; };
		A1000001000000000000001 /* KeyCoApp.swift in Sources */ = {isa = PBXBuildFile; fileRef = A1000002000000000000001 /* KeyCoApp.swift */; };
		A1000003000000000000001 /* ContentView.swift in Sources */ = {isa = PBXBuildFile; fileRef = A1000004000000000000001 /* ContentView.swift */; };
		A1000005000000000000001 /* Assets.xcassets in Resources */ = {isa = PBXBuildFile; fileRef = A1000006000000000000001 /* Assets.xcassets */; };
		A1000007000000000000001 /* Preview Assets.xcassets in Resources */ = {isa = PBXBuildFile; fileRef = A1000008000000000000001 /* Preview Assets.xcassets */; };
		A1000009000000000000001 /* KeyboardViewController.swift in Sources */ = {isa = PBXBuildFile; fileRef = A1000010000000000000001 /* KeyboardViewController.swift */; };
		A1000011000000000000001 /* KeyCoKeyboard.appex in Embed Foundation Extensions */ = {isa = PBXBuildFile; fileRef = A1000012000000000000001 /* KeyCoKeyboard.appex */; settings = {ATTRIBUTES = (RemoveHeadersOnCopy, ); }; };
		A5000001000000000000001 /* ActionContainerView.swift in Sources */ = {isa = PBXBuildFile; fileRef = A5000002000000000000001 /* ActionContainerView.swift */; };
		A6000001000000000000001 /* ResponseContentView.swift in Sources */ = {isa = PBXBuildFile; fileRef = A6000002000000000000001 /* ResponseContentView.swift */; };
		A8000002000000000000001 /* FastBlurEffect.swift in Sources */ = {isa = PBXBuildFile; fileRef = A8000001000000000000001 /* FastBlurEffect.swift */; };
		A9000001000000000000001 /* KeychainHelper.swift in Sources */ = {isa = PBXBuildFile; fileRef = A9000002000000000000001 /* KeychainHelper.swift */; };
		AD000001000000000000001 /* ToneMapView.swift in Sources */ = {isa = PBXBuildFile; fileRef = AD000002000000000000001 /* ToneMapView.swift */; };
		AE000001000000000000001 /* BackendConfig.swift in Sources */ = {isa = PBXBuildFile; fileRef = AE000002000000000000001 /* BackendConfig.swift */; };
		AF000001000000000000001 /* NetworkTestHelper.swift in Sources */ = {isa = PBXBuildFile; fileRef = AF000002000000000000001 /* NetworkTestHelper.swift */; };
		B000000100000000000000001 /* APIClient.swift in Sources */ = {isa = PBXBuildFile; fileRef = B000000200000000000000001 /* APIClient.swift */; };
/* End PBXBuildFile section */

/* Begin PBXContainerItemProxy section */
		A1000013000000000000001 /* PBXContainerItemProxy */ = {
			isa = PBXContainerItemProxy;
			containerPortal = A1000014000000000000001 /* Project object */;
			proxyType = 1;
			remoteGlobalIDString = A1000015000000000000001;
			remoteInfo = KeyCoKeyboard;
		};
/* End PBXContainerItemProxy section */

/* Begin PBXCopyFilesBuildPhase section */
		A1000016000000000000001 /* Embed Foundation Extensions */ = {
			isa = PBXCopyFilesBuildPhase;
			buildActionMask = 2147483647;
			dstPath = "";
			dstSubfolderSpec = 13;
			files = (
				A1000011000000000000001 /* KeyCoKeyboard.appex in Embed Foundation Extensions */,
			);
			name = "Embed Foundation Extensions";
			runOnlyForDeploymentPostprocessing = 0;
		};
/* End PBXCopyFilesBuildPhase section */

/* Begin PBXFileReference section */
		524ADCC22EAD2A3800DE2382 /* AppDelegate.swift */ = {isa = PBXFileReference; lastKnownFileType = sourcecode.swift; path = AppDelegate.swift; sourceTree = "<group>"; };
		524ADCC32EAD2A3800DE2382 /* MailComposeView.swift */ = {isa = PBXFileReference; lastKnownFileType = sourcecode.swift; path = MailComposeView.swift; sourceTree = "<group>"; };
		524ADCC42EAD2A3800DE2382 /* PrimaryButton.swift */ = {isa = PBXFileReference; lastKnownFileType = sourcecode.swift; path = PrimaryButton.swift; sourceTree = "<group>"; };
		524ADCC62EAD2A3800DE2382 /* HomeView.swift */ = {isa = PBXFileReference; lastKnownFileType = sourcecode.swift; path = HomeView.swift; sourceTree = "<group>"; };
		524ADCCC2EAD2A3800DE2382 /* AppState.swift */ = {isa = PBXFileReference; lastKnownFileType = sourcecode.swift; path = AppState.swift; sourceTree = "<group>"; };
		524ADCD32EAD2A3800DE2382 /* WelcomeView.swift */ = {isa = PBXFileReference; lastKnownFileType = sourcecode.swift; path = WelcomeView.swift; sourceTree = "<group>"; };
		524ADCD52EAD2A3800DE2382 /* SceneDelegate.swift */ = {isa = PBXFileReference; lastKnownFileType = sourcecode.swift; path = SceneDelegate.swift; sourceTree = "<group>"; };
		524ADCEC2EB3FC8000DE2382 /* SnippetsContentView.swift */ = {isa = PBXFileReference; lastKnownFileType = sourcecode.swift; path = SnippetsContentView.swift; sourceTree = "<group>"; };
		524ADCED2EB3FC8000DE2382 /* SnippetsStore.swift */ = {isa = PBXFileReference; lastKnownFileType = sourcecode.swift; path = SnippetsStore.swift; sourceTree = "<group>"; };
		524ADCF02EB5255000DE2382 /* SnippetsManagementView.swift */ = {isa = PBXFileReference; lastKnownFileType = sourcecode.swift; path = SnippetsManagementView.swift; sourceTree = "<group>"; };
		524ADCF12EB5255000DE2382 /* SnippetsStore.swift */ = {isa = PBXFileReference; lastKnownFileType = sourcecode.swift; path = SnippetsStore.swift; sourceTree = "<group>"; };
		524ADCF62EB556DB00DE2382 /* KeychainHelper.swift */ = {isa = PBXFileReference; lastKnownFileType = sourcecode.swift; path = KeychainHelper.swift; sourceTree = "<group>"; };
		524ADCF82EB559CF00DE2382 /* KeyCo.entitlements */ = {isa = PBXFileReference; lastKnownFileType = text.plist.entitlements; path = KeyCo.entitlements; sourceTree = "<group>"; };
		524ADCF92EB559F700DE2382 /* KeyCoKeyboard.entitlements */ = {isa = PBXFileReference; lastKnownFileType = text.plist.entitlements; path = KeyCoKeyboard.entitlements; sourceTree = "<group>"; };
		A1000002000000000000001 /* KeyCoApp.swift */ = {isa = PBXFileReference; lastKnownFileType = sourcecode.swift; path = KeyCoApp.swift; sourceTree = "<group>"; };
		A1000004000000000000001 /* ContentView.swift */ = {isa = PBXFileReference; lastKnownFileType = sourcecode.swift; path = ContentView.swift; sourceTree = "<group>"; };
		A1000006000000000000001 /* Assets.xcassets */ = {isa = PBXFileReference; lastKnownFileType = folder.assetcatalog; path = Assets.xcassets; sourceTree = "<group>"; };
		A1000008000000000000001 /* Preview Assets.xcassets */ = {isa = PBXFileReference; lastKnownFileType = folder.assetcatalog; path = "Preview Assets.xcassets"; sourceTree = "<group>"; };
		A1000010000000000000001 /* KeyboardViewController.swift */ = {isa = PBXFileReference; lastKnownFileType = sourcecode.swift; path = KeyboardViewController.swift; sourceTree = "<group>"; };
		A1000012000000000000001 /* KeyCoKeyboard.appex */ = {isa = PBXFileReference; explicitFileType = "wrapper.app-extension"; includeInIndex = 0; path = KeyCoKeyboard.appex; sourceTree = BUILT_PRODUCTS_DIR; };
		A1000017000000000000001 /* KeyCo.app */ = {isa = PBXFileReference; explicitFileType = wrapper.application; includeInIndex = 0; path = KeyCo.app; sourceTree = BUILT_PRODUCTS_DIR; };
		A1000018000000000000001 /* Info.plist */ = {isa = PBXFileReference; lastKnownFileType = text.plist.xml; path = Info.plist; sourceTree = "<group>"; };
		A5000002000000000000001 /* ActionContainerView.swift */ = {isa = PBXFileReference; lastKnownFileType = sourcecode.swift; path = ActionContainerView.swift; sourceTree = "<group>"; };
		A6000002000000000000001 /* ResponseContentView.swift */ = {isa = PBXFileReference; lastKnownFileType = sourcecode.swift; path = ResponseContentView.swift; sourceTree = "<group>"; };
		A8000001000000000000001 /* FastBlurEffect.swift */ = {isa = PBXFileReference; lastKnownFileType = sourcecode.swift; path = FastBlurEffect.swift; sourceTree = "<group>"; };
		A9000002000000000000001 /* KeychainHelper.swift */ = {isa = PBXFileReference; lastKnownFileType = sourcecode.swift; path = KeychainHelper.swift; sourceTree = "<group>"; };
		AD000002000000000000001 /* ToneMapView.swift */ = {isa = PBXFileReference; lastKnownFileType = sourcecode.swift; path = ToneMapView.swift; sourceTree = "<group>"; };
		AE000002000000000000001 /* BackendConfig.swift */ = {isa = PBXFileReference; lastKnownFileType = sourcecode.swift; path = BackendConfig.swift; sourceTree = "<group>"; };
		AF000002000000000000001 /* NetworkTestHelper.swift */ = {isa = PBXFileReference; lastKnownFileType = sourcecode.swift; path = NetworkTestHelper.swift; sourceTree = "<group>"; };
		B000000200000000000000001 /* APIClient.swift */ = {isa = PBXFileReference; lastKnownFileType = sourcecode.swift; path = APIClient.swift; sourceTree = "<group>"; };
/* End PBXFileReference section */

/* Begin PBXFrameworksBuildPhase section */
		A1000019000000000000001 /* Frameworks */ = {
			isa = PBXFrameworksBuildPhase;
			buildActionMask = 2147483647;
			files = (
				52E5DE7C2EA94A5D0021BC48 /* Shimmer in Frameworks */,
			);
			runOnlyForDeploymentPostprocessing = 0;
		};
		A1000020000000000000001 /* Frameworks */ = {
			isa = PBXFrameworksBuildPhase;
			buildActionMask = 2147483647;
			files = (
				52E5DE7A2EA94A510021BC48 /* Shimmer in Frameworks */,
				52E5DE7F2EA969970021BC48 /* AnimateText in Frameworks */,
			);
			runOnlyForDeploymentPostprocessing = 0;
		};
/* End PBXFrameworksBuildPhase section */

/* Begin PBXGroup section */
		524ADCC52EAD2A3800DE2382 /* Components */ = {
			isa = PBXGroup;
			children = (
				524ADCC32EAD2A3800DE2382 /* MailComposeView.swift */,
				524ADCC42EAD2A3800DE2382 /* PrimaryButton.swift */,
			);
			path = Components;
			sourceTree = "<group>";
		};
		524ADCC72EAD2A3800DE2382 /* Home */ = {
			isa = PBXGroup;
			children = (
				524ADCC62EAD2A3800DE2382 /* HomeView.swift */,
			);
			path = Home;
			sourceTree = "<group>";
		};
		524ADCCB2EAD2A3800DE2382 = {
			isa = PBXGroup;
			children = (
			);
			sourceTree = "<group>";
		};
		524ADCCD2EAD2A3800DE2382 = {
			isa = PBXGroup;
			children = (
				524ADCCC2EAD2A3800DE2382 /* AppState.swift */,
			);
			sourceTree = "<group>";
		};
		524ADCD42EAD2A3800DE2382 = {
			isa = PBXGroup;
			children = (
				524ADCD32EAD2A3800DE2382 /* WelcomeView.swift */,
			);
			sourceTree = "<group>";
		};
		A1000021000000000000001 = {
			isa = PBXGroup;
			children = (
				524ADCF62EB556DB00DE2382 /* KeychainHelper.swift */,
				524ADCF02EB5255000DE2382 /* SnippetsManagementView.swift */,
				524ADCF12EB5255000DE2382 /* SnippetsStore.swift */,
				524ADCC22EAD2A3800DE2382 /* AppDelegate.swift */,
				524ADCC52EAD2A3800DE2382 /* Components */,
				524ADCC72EAD2A3800DE2382 /* Home */,
				524ADCCB2EAD2A3800DE2382,
				524ADCCD2EAD2A3800DE2382,
				524ADCD42EAD2A3800DE2382,
				524ADCD52EAD2A3800DE2382 /* SceneDelegate.swift */,
				A1000022000000000000001 /* KeyCo */,
				A1000023000000000000001 /* KeyCoKeyboard */,
				A1000024000000000000001 /* Products */,
			);
			sourceTree = "<group>";
		};
		A1000022000000000000001 /* KeyCo */ = {
			isa = PBXGroup;
			children = (
				524ADCF82EB559CF00DE2382 /* KeyCo.entitlements */,
				A1000002000000000000001 /* KeyCoApp.swift */,
				A1000004000000000000001 /* ContentView.swift */,
				A1000006000000000000001 /* Assets.xcassets */,
				A1000025000000000000001 /* Preview Content */,
			);
			path = KeyCo;
			sourceTree = "<group>";
		};
		A1000023000000000000001 /* KeyCoKeyboard */ = {
			isa = PBXGroup;
			children = (
				524ADCF92EB559F700DE2382 /* KeyCoKeyboard.entitlements */,
				524ADCEC2EB3FC8000DE2382 /* SnippetsContentView.swift */,
				524ADCED2EB3FC8000DE2382 /* SnippetsStore.swift */,
				A5000002000000000000001 /* ActionContainerView.swift */,
				A1000010000000000000001 /* KeyboardViewController.swift */,
				A9000002000000000000001 /* KeychainHelper.swift */,
				A6000002000000000000001 /* ResponseContentView.swift */,
				A8000001000000000000001 /* FastBlurEffect.swift */,
				AD000002000000000000001 /* ToneMapView.swift */,
				AE000002000000000000001 /* BackendConfig.swift */,
				AF000002000000000000001 /* NetworkTestHelper.swift */,
				B000000200000000000000001 /* APIClient.swift */,
				A1000018000000000000001 /* Info.plist */,
			);
			path = KeyCoKeyboard;
			sourceTree = "<group>";
		};
		A1000024000000000000001 /* Products */ = {
			isa = PBXGroup;
			children = (
				A1000017000000000000001 /* KeyCo.app */,
				A1000012000000000000001 /* KeyCoKeyboard.appex */,
			);
			name = Products;
			sourceTree = "<group>";
		};
		A1000025000000000000001 /* Preview Content */ = {
			isa = PBXGroup;
			children = (
				A1000008000000000000001 /* Preview Assets.xcassets */,
			);
			path = "Preview Content";
			sourceTree = "<group>";
		};
/* End PBXGroup section */

/* Begin PBXNativeTarget section */
		A1000015000000000000001 /* KeyCoKeyboard */ = {
			isa = PBXNativeTarget;
			buildConfigurationList = A1000031000000000000001 /* Build configuration list for PBXNativeTarget "KeyCoKeyboard" */;
			buildPhases = (
				A1000032000000000000001 /* Sources */,
				A1000020000000000000001 /* Frameworks */,
				A1000033000000000000001 /* Resources */,
			);
			buildRules = (
			);
			dependencies = (
			);
			name = KeyCoKeyboard;
			packageProductDependencies = (
				52E5DE792EA94A510021BC48 /* Shimmer */,
				52E5DE7E2EA969970021BC48 /* AnimateText */,
			);
			productName = KeyCoKeyboard;
			productReference = A1000012000000000000001 /* KeyCoKeyboard.appex */;
			productType = "com.apple.product-type.app-extension";
		};
		A1000026000000000000001 /* KeyCo */ = {
			isa = PBXNativeTarget;
			buildConfigurationList = A1000027000000000000001 /* Build configuration list for PBXNativeTarget "KeyCo" */;
			buildPhases = (
				A1000028000000000000001 /* Sources */,
				A1000019000000000000001 /* Frameworks */,
				A1000029000000000000001 /* Resources */,
				A1000016000000000000001 /* Embed Foundation Extensions */,
			);
			buildRules = (
			);
			dependencies = (
				A1000030000000000000001 /* PBXTargetDependency */,
			);
			name = KeyCo;
			productName = KeyCo;
			productReference = A1000017000000000000001 /* KeyCo.app */;
			productType = "com.apple.product-type.application";
		};
/* End PBXNativeTarget section */

/* Begin PBXProject section */
		A1000014000000000000001 /* Project object */ = {
			isa = PBXProject;
			attributes = {
				BuildIndependentTargetsInParallel = 1;
				LastSwiftUpdateCheck = 1500;
				LastUpgradeCheck = 1500;
				TargetAttributes = {
					A1000015000000000000001 = {
						CreatedOnToolsVersion = 15.0;
					};
					A1000026000000000000001 = {
						CreatedOnToolsVersion = 15.0;
					};
				};
			};
			buildConfigurationList = A1000034000000000000001 /* Build configuration list for PBXProject "KeyCo" */;
			compatibilityVersion = "Xcode 14.0";
			developmentRegion = en;
			hasScannedForEncodings = 0;
			knownRegions = (
				en,
				Base,
			);
			mainGroup = A1000021000000000000001;
			packageReferences = (
				52E5DE782EA94A510021BC48 /* XCRemoteSwiftPackageReference "SwiftUI-Shimmer" */,
				52E5DE7D2EA969970021BC48 /* XCRemoteSwiftPackageReference "AnimateText" */,
			);
			productRefGroup = A1000024000000000000001 /* Products */;
			projectDirPath = "";
			projectRoot = "";
			targets = (
				A1000026000000000000001 /* KeyCo */,
				A1000015000000000000001 /* KeyCoKeyboard */,
			);
		};
/* End PBXProject section */

/* Begin PBXResourcesBuildPhase section */
		A1000029000000000000001 /* Resources */ = {
			isa = PBXResourcesBuildPhase;
			buildActionMask = 2147483647;
			files = (
				A1000007000000000000001 /* Preview Assets.xcassets in Resources */,
				A1000005000000000000001 /* Assets.xcassets in Resources */,
			);
			runOnlyForDeploymentPostprocessing = 0;
		};
		A1000033000000000000001 /* Resources */ = {
			isa = PBXResourcesBuildPhase;
			buildActionMask = 2147483647;
			files = (
			);
			runOnlyForDeploymentPostprocessing = 0;
		};
/* End PBXResourcesBuildPhase section */

/* Begin PBXSourcesBuildPhase section */
		A1000028000000000000001 /* Sources */ = {
			isa = PBXSourcesBuildPhase;
			buildActionMask = 2147483647;
			files = (
				A1000003000000000000001 /* ContentView.swift in Sources */,
				A1000001000000000000001 /* KeyCoApp.swift in Sources */,
				524ADCD62EAD2A3800DE2382 /* SceneDelegate.swift in Sources */,
				524ADCDA2EAD2A3800DE2382 /* PrimaryButton.swift in Sources */,
				524ADCDD2EAD2A3800DE2382 /* AppDelegate.swift in Sources */,
				524ADCE02EAD2A3800DE2382 /* MailComposeView.swift in Sources */,
				524ADCE22EAD2A3800DE2382 /* HomeView.swift in Sources */,
				524ADCF72EB556DB00DE2382 /* KeychainHelper.swift in Sources */,
				524ADCE32EAD2A3800DE2382 /* WelcomeView.swift in Sources */,
				524ADCF22EB5255000DE2382 /* SnippetsStore.swift in Sources */,
				524ADCF32EB5255000DE2382 /* SnippetsManagementView.swift in Sources */,
				524ADCE42EAD2A3800DE2382 /* AppState.swift in Sources */,
			);
			runOnlyForDeploymentPostprocessing = 0;
		};
		A1000032000000000000001 /* Sources */ = {
			isa = PBXSourcesBuildPhase;
			buildActionMask = 2147483647;
			files = (
				A5000001000000000000001 /* ActionContainerView.swift in Sources */,
				A1000009000000000000001 /* KeyboardViewController.swift in Sources */,
				A9000001000000000000001 /* KeychainHelper.swift in Sources */,
				A6000001000000000000001 /* ResponseContentView.swift in Sources */,
				AD000001000000000000001 /* ToneMapView.swift in Sources */,
				AE000001000000000000001 /* BackendConfig.swift in Sources */,
				AF000001000000000000001 /* NetworkTestHelper.swift in Sources */,
				B000000100000000000000001 /* APIClient.swift in Sources */,
				A8000002000000000000001 /* FastBlurEffect.swift in Sources */,
				524ADCEE2EB3FC8000DE2382 /* SnippetsContentView.swift in Sources */,
				524ADCEF2EB3FC8000DE2382 /* SnippetsStore.swift in Sources */,
			);
			runOnlyForDeploymentPostprocessing = 0;
		};
/* End PBXSourcesBuildPhase section */

/* Begin PBXTargetDependency section */
		A1000030000000000000001 /* PBXTargetDependency */ = {
			isa = PBXTargetDependency;
			target = A1000015000000000000001 /* KeyCoKeyboard */;
			targetProxy = A1000013000000000000001 /* PBXContainerItemProxy */;
		};
/* End PBXTargetDependency section */

/* Begin XCBuildConfiguration section */
		A1000035000000000000001 /* Debug */ = {
			isa = XCBuildConfiguration;
			buildSettings = {
				ALWAYS_SEARCH_USER_PATHS = NO;
				ASSETCATALOG_COMPILER_GENERATE_SWIFT_ASSET_SYMBOL_EXTENSIONS = YES;
				CLANG_ANALYZER_NONNULL = YES;
				CLANG_ANALYZER_NUMBER_OBJECT_CONVERSION = YES_AGGRESSIVE;
				CLANG_CXX_LANGUAGE_STANDARD = "gnu++20";
				CLANG_ENABLE_MODULES = YES;
				CLANG_ENABLE_OBJC_ARC = YES;
				CLANG_ENABLE_OBJC_WEAK = YES;
				CLANG_WARN_BLOCK_CAPTURE_AUTORELEASING = YES;
				CLANG_WARN_BOOL_CONVERSION = YES;
				CLANG_WARN_COMMA = YES;
				CLANG_WARN_CONSTANT_CONVERSION = YES;
				CLANG_WARN_DEPRECATED_OBJC_IMPLEMENTATIONS = YES;
				CLANG_WARN_DIRECT_OBJC_ISA_USAGE = YES_ERROR;
				CLANG_WARN_DOCUMENTATION_COMMENTS = YES;
				CLANG_WARN_EMPTY_BODY = YES;
				CLANG_WARN_ENUM_CONVERSION = YES;
				CLANG_WARN_INFINITE_RECURSION = YES;
				CLANG_WARN_INT_CONVERSION = YES;
				CLANG_WARN_NON_LITERAL_NULL_CONVERSION = YES;
				CLANG_WARN_OBJC_IMPLICIT_RETAIN_SELF = YES;
				CLANG_WARN_OBJC_LITERAL_CONVERSION = YES;
				CLANG_WARN_OBJC_ROOT_CLASS = YES_ERROR;
				CLANG_WARN_QUOTED_INCLUDE_IN_FRAMEWORK_HEADER = YES;
				CLANG_WARN_RANGE_LOOP_ANALYSIS = YES;
				CLANG_WARN_STRICT_PROTOTYPES = YES;
				CLANG_WARN_SUSPICIOUS_MOVE = YES;
				CLANG_WARN_UNGUARDED_AVAILABILITY = YES_AGGRESSIVE;
				CLANG_WARN_UNREACHABLE_CODE = YES;
				CLANG_WARN__DUPLICATE_METHOD_MATCH = YES;
				COPY_PHASE_STRIP = NO;
				DEBUG_INFORMATION_FORMAT = dwarf;
				ENABLE_STRICT_OBJC_MSGSEND = YES;
				ENABLE_TESTABILITY = YES;
				ENABLE_USER_SCRIPT_SANDBOXING = YES;
				GCC_C_LANGUAGE_STANDARD = gnu17;
				GCC_DYNAMIC_NO_PIC = NO;
				GCC_NO_COMMON_BLOCKS = YES;
				GCC_OPTIMIZATION_LEVEL = 0;
				GCC_PREPROCESSOR_DEFINITIONS = (
					"DEBUG=1",
					"$(inherited)",
				);
				GCC_WARN_64_TO_32_BIT_CONVERSION = YES;
				GCC_WARN_ABOUT_RETURN_TYPE = YES_ERROR;
				GCC_WARN_UNDECLARED_SELECTOR = YES;
				GCC_WARN_UNINITIALIZED_AUTOS = YES_AGGRESSIVE;
				GCC_WARN_UNUSED_FUNCTION = YES;
				GCC_WARN_UNUSED_VARIABLE = YES;
				IPHONEOS_DEPLOYMENT_TARGET = 17.0;
				LOCALIZATION_PREFERS_STRING_CATALOGS = YES;
				MTL_ENABLE_DEBUG_INFO = INCLUDE_SOURCE;
				MTL_FAST_MATH = YES;
				ONLY_ACTIVE_ARCH = YES;
				SDKROOT = iphoneos;
				SWIFT_ACTIVE_COMPILATION_CONDITIONS = "DEBUG $(inherited)";
				SWIFT_OPTIMIZATION_LEVEL = "-Onone";
			};
			name = Debug;
		};
		A1000036000000000000001 /* Release */ = {
			isa = XCBuildConfiguration;
			buildSettings = {
				ALWAYS_SEARCH_USER_PATHS = NO;
				ASSETCATALOG_COMPILER_GENERATE_SWIFT_ASSET_SYMBOL_EXTENSIONS = YES;
				CLANG_ANALYZER_NONNULL = YES;
				CLANG_ANALYZER_NUMBER_OBJECT_CONVERSION = YES_AGGRESSIVE;
				CLANG_CXX_LANGUAGE_STANDARD = "gnu++20";
				CLANG_ENABLE_MODULES = YES;
				CLANG_ENABLE_OBJC_ARC = YES;
				CLANG_ENABLE_OBJC_WEAK = YES;
				CLANG_WARN_BLOCK_CAPTURE_AUTORELEASING = YES;
				CLANG_WARN_BOOL_CONVERSION = YES;
				CLANG_WARN_COMMA = YES;
				CLANG_WARN_CONSTANT_CONVERSION = YES;
				CLANG_WARN_DEPRECATED_OBJC_IMPLEMENTATIONS = YES;
				CLANG_WARN_DIRECT_OBJC_ISA_USAGE = YES_ERROR;
				CLANG_WARN_DOCUMENTATION_COMMENTS = YES;
				CLANG_WARN_EMPTY_BODY = YES;
				CLANG_WARN_ENUM_CONVERSION = YES;
				CLANG_WARN_INFINITE_RECURSION = YES;
				CLANG_WARN_INT_CONVERSION = YES;
				CLANG_WARN_NON_LITERAL_NULL_CONVERSION = YES;
				CLANG_WARN_OBJC_IMPLICIT_RETAIN_SELF = YES;
				CLANG_WARN_OBJC_LITERAL_CONVERSION = YES;
				CLANG_WARN_OBJC_ROOT_CLASS = YES_ERROR;
				CLANG_WARN_QUOTED_INCLUDE_IN_FRAMEWORK_HEADER = YES;
				CLANG_WARN_RANGE_LOOP_ANALYSIS = YES;
				CLANG_WARN_STRICT_PROTOTYPES = YES;
				CLANG_WARN_SUSPICIOUS_MOVE = YES;
				CLANG_WARN_UNGUARDED_AVAILABILITY = YES_AGGRESSIVE;
				CLANG_WARN_UNREACHABLE_CODE = YES;
				CLANG_WARN__DUPLICATE_METHOD_MATCH = YES;
				COPY_PHASE_STRIP = NO;
				DEBUG_INFORMATION_FORMAT = "dwarf-with-dsym";
				ENABLE_NS_ASSERTIONS = NO;
				ENABLE_STRICT_OBJC_MSGSEND = YES;
				ENABLE_USER_SCRIPT_SANDBOXING = YES;
				GCC_C_LANGUAGE_STANDARD = gnu17;
				GCC_NO_COMMON_BLOCKS = YES;
				GCC_WARN_64_TO_32_BIT_CONVERSION = YES;
				GCC_WARN_ABOUT_RETURN_TYPE = YES_ERROR;
				GCC_WARN_UNDECLARED_SELECTOR = YES;
				GCC_WARN_UNINITIALIZED_AUTOS = YES_AGGRESSIVE;
				GCC_WARN_UNUSED_FUNCTION = YES;
				GCC_WARN_UNUSED_VARIABLE = YES;
				IPHONEOS_DEPLOYMENT_TARGET = 17.0;
				LOCALIZATION_PREFERS_STRING_CATALOGS = YES;
				MTL_ENABLE_DEBUG_INFO = NO;
				MTL_FAST_MATH = YES;
				SDKROOT = iphoneos;
				SWIFT_COMPILATION_MODE = wholemodule;
				VALIDATE_PRODUCT = YES;
			};
			name = Release;
		};
		A1000037000000000000001 /* Debug */ = {
			isa = XCBuildConfiguration;
			buildSettings = {
				ASSETCATALOG_COMPILER_APPICON_NAME = AppIcon;
				ASSETCATALOG_COMPILER_GLOBAL_ACCENT_COLOR_NAME = AccentColor;
				CODE_SIGN_ENTITLEMENTS = KeyCo/KeyCo.entitlements;
				CODE_SIGN_STYLE = Automatic;
				CURRENT_PROJECT_VERSION = 1;
				DEVELOPMENT_ASSET_PATHS = "\"KeyCo/Preview Content\"";
				DEVELOPMENT_TEAM = F8ZMT5492T;
				ENABLE_PREVIEWS = YES;
				GENERATE_INFOPLIST_FILE = YES;
				INFOPLIST_KEY_CFBundleDisplayName = "Keyboard Copilot";
				INFOPLIST_KEY_UIApplicationSceneManifest_Generation = YES;
				INFOPLIST_KEY_UIApplicationSupportsIndirectInputEvents = YES;
				INFOPLIST_KEY_UILaunchScreen_Generation = YES;
				INFOPLIST_KEY_UISupportedInterfaceOrientations_iPad = "UIInterfaceOrientationPortrait UIInterfaceOrientationPortraitUpsideDown UIInterfaceOrientationLandscapeLeft UIInterfaceOrientationLandscapeRight";
				INFOPLIST_KEY_UISupportedInterfaceOrientations_iPhone = "UIInterfaceOrientationPortrait UIInterfaceOrientationLandscapeLeft UIInterfaceOrientationLandscapeRight";
				LD_RUNPATH_SEARCH_PATHS = (
					"$(inherited)",
					"@executable_path/Frameworks",
				);
				MARKETING_VERSION = 1.0;
				PRODUCT_BUNDLE_IDENTIFIER = com.keyco.KeyCo;
				PRODUCT_NAME = "$(TARGET_NAME)";
				SWIFT_EMIT_LOC_STRINGS = YES;
				SWIFT_VERSION = 5.0;
				TARGETED_DEVICE_FAMILY = "1,2";
			};
			name = Debug;
		};
		A1000038000000000000001 /* Release */ = {
			isa = XCBuildConfiguration;
			buildSettings = {
				ASSETCATALOG_COMPILER_APPICON_NAME = AppIcon;
				ASSETCATALOG_COMPILER_GLOBAL_ACCENT_COLOR_NAME = AccentColor;
				CODE_SIGN_ENTITLEMENTS = KeyCo/KeyCo.entitlements;
				CODE_SIGN_STYLE = Automatic;
				CURRENT_PROJECT_VERSION = 1;
				DEVELOPMENT_ASSET_PATHS = "\"KeyCo/Preview Content\"";
				DEVELOPMENT_TEAM = F8ZMT5492T;
				ENABLE_PREVIEWS = YES;
				GENERATE_INFOPLIST_FILE = YES;
				INFOPLIST_KEY_CFBundleDisplayName = "Keyboard Copilot";
				INFOPLIST_KEY_UIApplicationSceneManifest_Generation = YES;
				INFOPLIST_KEY_UIApplicationSupportsIndirectInputEvents = YES;
				INFOPLIST_KEY_UILaunchScreen_Generation = YES;
				INFOPLIST_KEY_UISupportedInterfaceOrientations_iPad = "UIInterfaceOrientationPortrait UIInterfaceOrientationPortraitUpsideDown UIInterfaceOrientationLandscapeLeft UIInterfaceOrientationLandscapeRight";
				INFOPLIST_KEY_UISupportedInterfaceOrientations_iPhone = "UIInterfaceOrientationPortrait UIInterfaceOrientationLandscapeLeft UIInterfaceOrientationLandscapeRight";
				LD_RUNPATH_SEARCH_PATHS = (
					"$(inherited)",
					"@executable_path/Frameworks",
				);
				MARKETING_VERSION = 1.0;
				PRODUCT_BUNDLE_IDENTIFIER = com.keyco.KeyCo;
				PRODUCT_NAME = "$(TARGET_NAME)";
				SWIFT_EMIT_LOC_STRINGS = YES;
				SWIFT_VERSION = 5.0;
				TARGETED_DEVICE_FAMILY = "1,2";
			};
			name = Release;
		};
		A1000039000000000000001 /* Debug */ = {
			isa = XCBuildConfiguration;
			buildSettings = {
				CODE_SIGN_ENTITLEMENTS = KeyCoKeyboard/KeyCoKeyboard.entitlements;
				CODE_SIGN_STYLE = Automatic;
				CURRENT_PROJECT_VERSION = 1;
				DEVELOPMENT_TEAM = F8ZMT5492T;
				GENERATE_INFOPLIST_FILE = YES;
				INFOPLIST_FILE = KeyCoKeyboard/Info.plist;
				INFOPLIST_KEY_CFBundleDisplayName = "Keyboard Copilot";
				INFOPLIST_KEY_NSHumanReadableCopyright = "";
				LD_RUNPATH_SEARCH_PATHS = (
					"$(inherited)",
					"@executable_path/Frameworks",
					"@executable_path/../../Frameworks",
				);
				MARKETING_VERSION = 1.0;
				PRODUCT_BUNDLE_IDENTIFIER = com.keyco.KeyCo.KeyCoKeyboard;
				PRODUCT_NAME = "$(TARGET_NAME)";
				SKIP_INSTALL = YES;
				SWIFT_EMIT_LOC_STRINGS = YES;
				SWIFT_VERSION = 5.0;
				TARGETED_DEVICE_FAMILY = "1,2";
			};
			name = Debug;
		};
		A1000040000000000000001 /* Release */ = {
			isa = XCBuildConfiguration;
			buildSettings = {
				CODE_SIGN_ENTITLEMENTS = KeyCoKeyboard/KeyCoKeyboard.entitlements;
				CODE_SIGN_STYLE = Automatic;
				CURRENT_PROJECT_VERSION = 1;
				DEVELOPMENT_TEAM = F8ZMT5492T;
				GENERATE_INFOPLIST_FILE = YES;
				INFOPLIST_FILE = KeyCoKeyboard/Info.plist;
				INFOPLIST_KEY_CFBundleDisplayName = "Keyboard Copilot";
				INFOPLIST_KEY_NSHumanReadableCopyright = "";
				LD_RUNPATH_SEARCH_PATHS = (
					"$(inherited)",
					"@executable_path/Frameworks",
					"@executable_path/../../Frameworks",
				);
				MARKETING_VERSION = 1.0;
				PRODUCT_BUNDLE_IDENTIFIER = com.keyco.KeyCo.KeyCoKeyboard;
				PRODUCT_NAME = "$(TARGET_NAME)";
				SKIP_INSTALL = YES;
				SWIFT_EMIT_LOC_STRINGS = YES;
				SWIFT_VERSION = 5.0;
				TARGETED_DEVICE_FAMILY = "1,2";
			};
			name = Release;
		};
/* End XCBuildConfiguration section */

/* Begin XCConfigurationList section */
		A1000027000000000000001 /* Build configuration list for PBXNativeTarget "KeyCo" */ = {
			isa = XCConfigurationList;
			buildConfigurations = (
				A1000037000000000000001 /* Debug */,
				A1000038000000000000001 /* Release */,
			);
			defaultConfigurationIsVisible = 0;
			defaultConfigurationName = Release;
		};
		A1000031000000000000001 /* Build configuration list for PBXNativeTarget "KeyCoKeyboard" */ = {
			isa = XCConfigurationList;
			buildConfigurations = (
				A1000039000000000000001 /* Debug */,
				A1000040000000000000001 /* Release */,
			);
			defaultConfigurationIsVisible = 0;
			defaultConfigurationName = Release;
		};
		A1000034000000000000001 /* Build configuration list for PBXProject "KeyCo" */ = {
			isa = XCConfigurationList;
			buildConfigurations = (
				A1000035000000000000001 /* Debug */,
				A1000036000000000000001 /* Release */,
			);
			defaultConfigurationIsVisible = 0;
			defaultConfigurationName = Release;
		};
/* End XCConfigurationList section */

/* Begin XCRemoteSwiftPackageReference section */
		52E5DE782EA94A510021BC48 /* XCRemoteSwiftPackageReference "SwiftUI-Shimmer" */ = {
			isa = XCRemoteSwiftPackageReference;
			repositoryURL = "https://github.com/markiv/SwiftUI-Shimmer";
			requirement = {
				kind = upToNextMajorVersion;
				minimumVersion = 1.5.1;
			};
		};
		52E5DE7D2EA969970021BC48 /* XCRemoteSwiftPackageReference "AnimateText" */ = {
			isa = XCRemoteSwiftPackageReference;
			repositoryURL = "https://github.com/jasudev/AnimateText";
			requirement = {
				kind = upToNextMajorVersion;
				minimumVersion = 0.5.0;
			};
		};
/* End XCRemoteSwiftPackageReference section */

/* Begin XCSwiftPackageProductDependency section */
		52E5DE792EA94A510021BC48 /* Shimmer */ = {
			isa = XCSwiftPackageProductDependency;
			package = 52E5DE782EA94A510021BC48 /* XCRemoteSwiftPackageReference "SwiftUI-Shimmer" */;
			productName = Shimmer;
		};
		52E5DE7B2EA94A5D0021BC48 /* Shimmer */ = {
			isa = XCSwiftPackageProductDependency;
			package = 52E5DE782EA94A510021BC48 /* XCRemoteSwiftPackageReference "SwiftUI-Shimmer" */;
			productName = Shimmer;
		};
		52E5DE7E2EA969970021BC48 /* AnimateText */ = {
			isa = XCSwiftPackageProductDependency;
			package = 52E5DE7D2EA969970021BC48 /* XCRemoteSwiftPackageReference "AnimateText" */;
			productName = AnimateText;
		};
/* End XCSwiftPackageProductDependency section */
	};
	rootObject = A1000014000000000000001 /* Project object */;
}
